
Microsoft Visual Studio Solution File, Format Version 12.00
# Visual Studio Version 16
VisualStudioVersion = 16.0.31424.327
MinimumVisualStudioVersion = 10.0.40219.1
Project("{FAE04EC0-301F-11D3-BF4B-00C04F79EFBC}") = "MurzaevIR", "MurzaevIR.csproj", "{2BD8204E-84C7-4BBF-B7E4-D26A1DFB6CB1}"
EndProject
Global
	GlobalSection(SolutionConfigurationPlatforms) = preSolution
		Debug|Any CPU = Debug|Any CPU
		Release|Any CPU = Release|Any CPU
	EndGlobalSection
	GlobalSection(ProjectConfigurationPlatforms) = postSolution
		{2BD8204E-84C7-4BBF-B7E4-D26A1DFB6CB1}.Debug|Any CPU.ActiveCfg = Debug|Any CPU
		{2BD8204E-84C7-4BBF-B7E4-D26A1DFB6CB1}.Debug|Any CPU.Build.0 = Debug|Any CPU
		{2BD8204E-84C7-4BBF-B7E4-D26A1DFB6CB1}.Release|Any CPU.ActiveCfg = Release|Any CPU
		{2BD8204E-84C7-4BBF-B7E4-D26A1DFB6CB1}.Release|Any CPU.Build.0 = Release|Any CPU
	EndGlobalSection
	GlobalSection(SolutionProperties) = preSolution
		HideSolutionNode = FALSE
	EndGlobalSection
	GlobalSection(ExtensibilityGlobals) = postSolution
		SolutionGuid = {6131E4CE-AB4A-4DAA-87F9-CC27DB85E9F8}
	EndGlobalSection
EndGlobal
